
Microsoft Visual Studio Solution File, Format Version 12.00
# Visual Studio 15
VisualStudioVersion = 15.0.27130.2036
MinimumVisualStudioVersion = 10.0.40219.1
Project("{2150E333-8FDC-42A3-9474-1A3956D46DE8}") = "LIB", "LIB", "{FBF4B4A8-835E-442B-BC8A-0F73C710AB57}"
EndProject
Project("{FAE04EC0-301F-11D3-BF4B-00C04F79EFBC}") = "RaspaTools", "LIB\RaspaTools\RaspaTools.csproj", "{B47FB5DB-8814-4A24-90FB-4616D2BD824D}"
EndProject
Project("{FAE04EC0-301F-11D3-BF4B-00C04F79EFBC}") = "RaspaEntity", "LIB\RaspaEntity\RaspaEntity.csproj", "{F35CDA4B-2117-4A4F-B56E-297E5CD0B3FB}"
EndProject
Project("{FAE04EC0-301F-11D3-BF4B-00C04F79EFBC}") = "RaspaDB", "LIB\RaspaDB\RaspaDB.csproj", "{202EADEB-B7B8-41CA-B76A-154BEBAFCD98}"
EndProject
Project("{2150E333-8FDC-42A3-9474-1A3956D46DE8}") = "NODE", "NODE", "{9C193955-21A0-4F40-9B5B-B9C1412C3CE4}"
EndProject
Project("{FAE04EC0-301F-11D3-BF4B-00C04F79EFBC}") = "RaspaAction", "LIB\RaspaAction\RaspaAction.csproj", "{57B4E26B-3CFD-4CEA-A7AF-29FD1E388F01}"
EndProject
Project("{FAE04EC0-301F-11D3-BF4B-00C04F79EFBC}") = "RaspaNode", "POINT\RaspaNode\RaspaNode.csproj", "{CBF972F4-A938-4CFD-A90B-EA657161B714}"
EndProject
Project("{2150E333-8FDC-42A3-9474-1A3956D46DE8}") = "Sensor", "Sensor", "{EC1B5C8A-5442-4443-8524-FAFF4F4CD3B1}"
EndProject
Project("{8BC9CEB8-8B4A-11D0-8D11-00A0C91BC942}") = "Sensors.Dht", "LIB\Sensor\Sensors.Dht\Sensors.Dht.vcxproj", "{2CD70A4F-9EED-4CDA-9E07-1A2BD33B4976}"
EndProject
Global
	GlobalSection(SolutionConfigurationPlatforms) = preSolution
		Debug|Any CPU = Debug|Any CPU
		Debug|ARM = Debug|ARM
		Debug|x64 = Debug|x64
		Debug|x86 = Debug|x86
		Release|Any CPU = Release|Any CPU
		Release|ARM = Release|ARM
		Release|x64 = Release|x64
		Release|x86 = Release|x86
	EndGlobalSection
	GlobalSection(ProjectConfigurationPlatforms) = postSolution
		{B47FB5DB-8814-4A24-90FB-4616D2BD824D}.Debug|Any CPU.ActiveCfg = Debug|Any CPU
		{B47FB5DB-8814-4A24-90FB-4616D2BD824D}.Debug|Any CPU.Build.0 = Debug|Any CPU
		{B47FB5DB-8814-4A24-90FB-4616D2BD824D}.Debug|ARM.ActiveCfg = Debug|ARM
		{B47FB5DB-8814-4A24-90FB-4616D2BD824D}.Debug|ARM.Build.0 = Debug|ARM
		{B47FB5DB-8814-4A24-90FB-4616D2BD824D}.Debug|x64.ActiveCfg = Debug|x64
		{B47FB5DB-8814-4A24-90FB-4616D2BD824D}.Debug|x64.Build.0 = Debug|x64
		{B47FB5DB-8814-4A24-90FB-4616D2BD824D}.Debug|x86.ActiveCfg = Debug|x86
		{B47FB5DB-8814-4A24-90FB-4616D2BD824D}.Debug|x86.Build.0 = Debug|x86
		{B47FB5DB-8814-4A24-90FB-4616D2BD824D}.Release|Any CPU.ActiveCfg = Release|Any CPU
		{B47FB5DB-8814-4A24-90FB-4616D2BD824D}.Release|Any CPU.Build.0 = Release|Any CPU
		{B47FB5DB-8814-4A24-90FB-4616D2BD824D}.Release|ARM.ActiveCfg = Release|ARM
		{B47FB5DB-8814-4A24-90FB-4616D2BD824D}.Release|ARM.Build.0 = Release|ARM
		{B47FB5DB-8814-4A24-90FB-4616D2BD824D}.Release|x64.ActiveCfg = Release|x64
		{B47FB5DB-8814-4A24-90FB-4616D2BD824D}.Release|x64.Build.0 = Release|x64
		{B47FB5DB-8814-4A24-90FB-4616D2BD824D}.Release|x86.ActiveCfg = Release|x86
		{B47FB5DB-8814-4A24-90FB-4616D2BD824D}.Release|x86.Build.0 = Release|x86
		{F35CDA4B-2117-4A4F-B56E-297E5CD0B3FB}.Debug|Any CPU.ActiveCfg = Debug|Any CPU
		{F35CDA4B-2117-4A4F-B56E-297E5CD0B3FB}.Debug|Any CPU.Build.0 = Debug|Any CPU
		{F35CDA4B-2117-4A4F-B56E-297E5CD0B3FB}.Debug|ARM.ActiveCfg = Debug|ARM
		{F35CDA4B-2117-4A4F-B56E-297E5CD0B3FB}.Debug|ARM.Build.0 = Debug|ARM
		{F35CDA4B-2117-4A4F-B56E-297E5CD0B3FB}.Debug|x64.ActiveCfg = Debug|x64
		{F35CDA4B-2117-4A4F-B56E-297E5CD0B3FB}.Debug|x64.Build.0 = Debug|x64
		{F35CDA4B-2117-4A4F-B56E-297E5CD0B3FB}.Debug|x86.ActiveCfg = Debug|x86
		{F35CDA4B-2117-4A4F-B56E-297E5CD0B3FB}.Debug|x86.Build.0 = Debug|x86
		{F35CDA4B-2117-4A4F-B56E-297E5CD0B3FB}.Release|Any CPU.ActiveCfg = Release|Any CPU
		{F35CDA4B-2117-4A4F-B56E-297E5CD0B3FB}.Release|Any CPU.Build.0 = Release|Any CPU
		{F35CDA4B-2117-4A4F-B56E-297E5CD0B3FB}.Release|ARM.ActiveCfg = Release|ARM
		{F35CDA4B-2117-4A4F-B56E-297E5CD0B3FB}.Release|ARM.Build.0 = Release|ARM
		{F35CDA4B-2117-4A4F-B56E-297E5CD0B3FB}.Release|x64.ActiveCfg = Release|x64
		{F35CDA4B-2117-4A4F-B56E-297E5CD0B3FB}.Release|x64.Build.0 = Release|x64
		{F35CDA4B-2117-4A4F-B56E-297E5CD0B3FB}.Release|x86.ActiveCfg = Release|x86
		{F35CDA4B-2117-4A4F-B56E-297E5CD0B3FB}.Release|x86.Build.0 = Release|x86
		{202EADEB-B7B8-41CA-B76A-154BEBAFCD98}.Debug|Any CPU.ActiveCfg = Debug|Any CPU
		{202EADEB-B7B8-41CA-B76A-154BEBAFCD98}.Debug|Any CPU.Build.0 = Debug|Any CPU
		{202EADEB-B7B8-41CA-B76A-154BEBAFCD98}.Debug|ARM.ActiveCfg = Debug|ARM
		{202EADEB-B7B8-41CA-B76A-154BEBAFCD98}.Debug|ARM.Build.0 = Debug|ARM
		{202EADEB-B7B8-41CA-B76A-154BEBAFCD98}.Debug|x64.ActiveCfg = Debug|x64
		{202EADEB-B7B8-41CA-B76A-154BEBAFCD98}.Debug|x64.Build.0 = Debug|x64
		{202EADEB-B7B8-41CA-B76A-154BEBAFCD98}.Debug|x86.ActiveCfg = Debug|x86
		{202EADEB-B7B8-41CA-B76A-154BEBAFCD98}.Debug|x86.Build.0 = Debug|x86
		{202EADEB-B7B8-41CA-B76A-154BEBAFCD98}.Release|Any CPU.ActiveCfg = Release|Any CPU
		{202EADEB-B7B8-41CA-B76A-154BEBAFCD98}.Release|Any CPU.Build.0 = Release|Any CPU
		{202EADEB-B7B8-41CA-B76A-154BEBAFCD98}.Release|ARM.ActiveCfg = Release|ARM
		{202EADEB-B7B8-41CA-B76A-154BEBAFCD98}.Release|ARM.Build.0 = Release|ARM
		{202EADEB-B7B8-41CA-B76A-154BEBAFCD98}.Release|x64.ActiveCfg = Release|x64
		{202EADEB-B7B8-41CA-B76A-154BEBAFCD98}.Release|x64.Build.0 = Release|x64
		{202EADEB-B7B8-41CA-B76A-154BEBAFCD98}.Release|x86.ActiveCfg = Release|x86
		{202EADEB-B7B8-41CA-B76A-154BEBAFCD98}.Release|x86.Build.0 = Release|x86
		{57B4E26B-3CFD-4CEA-A7AF-29FD1E388F01}.Debug|Any CPU.ActiveCfg = Debug|Any CPU
		{57B4E26B-3CFD-4CEA-A7AF-29FD1E388F01}.Debug|Any CPU.Build.0 = Debug|Any CPU
		{57B4E26B-3CFD-4CEA-A7AF-29FD1E388F01}.Debug|ARM.ActiveCfg = Debug|ARM
		{57B4E26B-3CFD-4CEA-A7AF-29FD1E388F01}.Debug|ARM.Build.0 = Debug|ARM
		{57B4E26B-3CFD-4CEA-A7AF-29FD1E388F01}.Debug|x64.ActiveCfg = Debug|x64
		{57B4E26B-3CFD-4CEA-A7AF-29FD1E388F01}.Debug|x64.Build.0 = Debug|x64
		{57B4E26B-3CFD-4CEA-A7AF-29FD1E388F01}.Debug|x86.ActiveCfg = Debug|x86
		{57B4E26B-3CFD-4CEA-A7AF-29FD1E388F01}.Debug|x86.Build.0 = Debug|x86
		{57B4E26B-3CFD-4CEA-A7AF-29FD1E388F01}.Release|Any CPU.ActiveCfg = Release|Any CPU
		{57B4E26B-3CFD-4CEA-A7AF-29FD1E388F01}.Release|Any CPU.Build.0 = Release|Any CPU
		{57B4E26B-3CFD-4CEA-A7AF-29FD1E388F01}.Release|ARM.ActiveCfg = Release|ARM
		{57B4E26B-3CFD-4CEA-A7AF-29FD1E388F01}.Release|ARM.Build.0 = Release|ARM
		{57B4E26B-3CFD-4CEA-A7AF-29FD1E388F01}.Release|x64.ActiveCfg = Release|x64
		{57B4E26B-3CFD-4CEA-A7AF-29FD1E388F01}.Release|x64.Build.0 = Release|x64
		{57B4E26B-3CFD-4CEA-A7AF-29FD1E388F01}.Release|x86.ActiveCfg = Release|x86
		{57B4E26B-3CFD-4CEA-A7AF-29FD1E388F01}.Release|x86.Build.0 = Release|x86
		{CBF972F4-A938-4CFD-A90B-EA657161B714}.Debug|Any CPU.ActiveCfg = Debug|x86
		{CBF972F4-A938-4CFD-A90B-EA657161B714}.Debug|ARM.ActiveCfg = Debug|ARM
		{CBF972F4-A938-4CFD-A90B-EA657161B714}.Debug|ARM.Build.0 = Debug|ARM
		{CBF972F4-A938-4CFD-A90B-EA657161B714}.Debug|ARM.Deploy.0 = Debug|ARM
		{CBF972F4-A938-4CFD-A90B-EA657161B714}.Debug|x64.ActiveCfg = Debug|x64
		{CBF972F4-A938-4CFD-A90B-EA657161B714}.Debug|x64.Build.0 = Debug|x64
		{CBF972F4-A938-4CFD-A90B-EA657161B714}.Debug|x64.Deploy.0 = Debug|x64
		{CBF972F4-A938-4CFD-A90B-EA657161B714}.Debug|x86.ActiveCfg = Debug|x86
		{CBF972F4-A938-4CFD-A90B-EA657161B714}.Debug|x86.Build.0 = Debug|x86
		{CBF972F4-A938-4CFD-A90B-EA657161B714}.Debug|x86.Deploy.0 = Debug|x86
		{CBF972F4-A938-4CFD-A90B-EA657161B714}.Release|Any CPU.ActiveCfg = Release|x86
		{CBF972F4-A938-4CFD-A90B-EA657161B714}.Release|ARM.ActiveCfg = Release|ARM
		{CBF972F4-A938-4CFD-A90B-EA657161B714}.Release|ARM.Build.0 = Release|ARM
		{CBF972F4-A938-4CFD-A90B-EA657161B714}.Release|ARM.Deploy.0 = Release|ARM
		{CBF972F4-A938-4CFD-A90B-EA657161B714}.Release|x64.ActiveCfg = Release|x64
		{CBF972F4-A938-4CFD-A90B-EA657161B714}.Release|x64.Build.0 = Release|x64
		{CBF972F4-A938-4CFD-A90B-EA657161B714}.Release|x64.Deploy.0 = Release|x64
		{CBF972F4-A938-4CFD-A90B-EA657161B714}.Release|x86.ActiveCfg = Release|x86
		{CBF972F4-A938-4CFD-A90B-EA657161B714}.Release|x86.Build.0 = Release|x86
		{CBF972F4-A938-4CFD-A90B-EA657161B714}.Release|x86.Deploy.0 = Release|x86
		{2CD70A4F-9EED-4CDA-9E07-1A2BD33B4976}.Debug|Any CPU.ActiveCfg = Debug|Win32
		{2CD70A4F-9EED-4CDA-9E07-1A2BD33B4976}.Debug|ARM.ActiveCfg = Debug|ARM
		{2CD70A4F-9EED-4CDA-9E07-1A2BD33B4976}.Debug|ARM.Build.0 = Debug|ARM
		{2CD70A4F-9EED-4CDA-9E07-1A2BD33B4976}.Debug|x64.ActiveCfg = Debug|x64
		{2CD70A4F-9EED-4CDA-9E07-1A2BD33B4976}.Debug|x64.Build.0 = Debug|x64
		{2CD70A4F-9EED-4CDA-9E07-1A2BD33B4976}.Debug|x86.ActiveCfg = Debug|Win32
		{2CD70A4F-9EED-4CDA-9E07-1A2BD33B4976}.Debug|x86.Build.0 = Debug|Win32
		{2CD70A4F-9EED-4CDA-9E07-1A2BD33B4976}.Release|Any CPU.ActiveCfg = Release|Win32
		{2CD70A4F-9EED-4CDA-9E07-1A2BD33B4976}.Release|ARM.ActiveCfg = Release|ARM
		{2CD70A4F-9EED-4CDA-9E07-1A2BD33B4976}.Release|ARM.Build.0 = Release|ARM
		{2CD70A4F-9EED-4CDA-9E07-1A2BD33B4976}.Release|x64.ActiveCfg = Release|x64
		{2CD70A4F-9EED-4CDA-9E07-1A2BD33B4976}.Release|x64.Build.0 = Release|x64
		{2CD70A4F-9EED-4CDA-9E07-1A2BD33B4976}.Release|x86.ActiveCfg = Release|Win32
		{2CD70A4F-9EED-4CDA-9E07-1A2BD33B4976}.Release|x86.Build.0 = Release|Win32
	EndGlobalSection
	GlobalSection(SolutionProperties) = preSolution
		HideSolutionNode = FALSE
	EndGlobalSection
	GlobalSection(NestedProjects) = preSolution
		{B47FB5DB-8814-4A24-90FB-4616D2BD824D} = {FBF4B4A8-835E-442B-BC8A-0F73C710AB57}
		{F35CDA4B-2117-4A4F-B56E-297E5CD0B3FB} = {FBF4B4A8-835E-442B-BC8A-0F73C710AB57}
		{202EADEB-B7B8-41CA-B76A-154BEBAFCD98} = {FBF4B4A8-835E-442B-BC8A-0F73C710AB57}
		{57B4E26B-3CFD-4CEA-A7AF-29FD1E388F01} = {FBF4B4A8-835E-442B-BC8A-0F73C710AB57}
		{CBF972F4-A938-4CFD-A90B-EA657161B714} = {9C193955-21A0-4F40-9B5B-B9C1412C3CE4}
		{EC1B5C8A-5442-4443-8524-FAFF4F4CD3B1} = {FBF4B4A8-835E-442B-BC8A-0F73C710AB57}
		{2CD70A4F-9EED-4CDA-9E07-1A2BD33B4976} = {EC1B5C8A-5442-4443-8524-FAFF4F4CD3B1}
	EndGlobalSection
	GlobalSection(ExtensibilityGlobals) = postSolution
		SolutionGuid = {CB5CC004-5E58-4CD0-85B7-782B666DEAEB}
	EndGlobalSection
EndGlobal
