
Microsoft Visual Studio Solution File, Format Version 12.00
# Visual Studio 15
VisualStudioVersion = 15.0.27130.2036
MinimumVisualStudioVersion = 10.0.40219.1
Project("{FAE04EC0-301F-11D3-BF4B-00C04F79EFBC}") = "RaspaCentral", ".\CENTRAL\RaspaCentral\RaspaCentral.csproj", "{E97E1300-5172-4779-86F6-700454A484C1}"
EndProject
Project("{FAE04EC0-301F-11D3-BF4B-00C04F79EFBC}") = "RaspaNode", ".\POINT\RaspaNode\RaspaNode.csproj", "{CBF972F4-A938-4CFD-A90B-EA657161B714}"
EndProject
Project("{2150E333-8FDC-42A3-9474-1A3956D46DE8}") = "LIB", "LIB", "{AD86B0D1-B185-4AF5-9DF1-728F20BCA346}"
EndProject
Project("{2150E333-8FDC-42A3-9474-1A3956D46DE8}") = "CENTRAL", "CENTRAL", "{58CAAF1E-F84A-4BB7-9F52-3089CD5232EC}"
EndProject
Project("{2150E333-8FDC-42A3-9474-1A3956D46DE8}") = "NODE", "NODE", "{6EE8E3D3-42A2-460E-8E5B-F7FCD7D6F8A8}"
EndProject
Project("{FAE04EC0-301F-11D3-BF4B-00C04F79EFBC}") = "RaspaAction", ".\LIB\RaspaAction\RaspaAction.csproj", "{57B4E26B-3CFD-4CEA-A7AF-29FD1E388F01}"
EndProject
Project("{FAE04EC0-301F-11D3-BF4B-00C04F79EFBC}") = "RaspaDB", ".\LIB\RaspaDB\RaspaDB.csproj", "{202EADEB-B7B8-41CA-B76A-154BEBAFCD98}"
EndProject
Project("{FAE04EC0-301F-11D3-BF4B-00C04F79EFBC}") = "RaspaEntity", ".\LIB\RaspaEntity\RaspaEntity.csproj", "{F35CDA4B-2117-4A4F-B56E-297E5CD0B3FB}"
EndProject
Project("{FAE04EC0-301F-11D3-BF4B-00C04F79EFBC}") = "RaspaTools", ".\LIB\RaspaTools\RaspaTools.csproj", "{B47FB5DB-8814-4A24-90FB-4616D2BD824D}"
EndProject
Global
	GlobalSection(SolutionConfigurationPlatforms) = preSolution
		Debug|Any CPU = Debug|Any CPU
		Debug|ARM = Debug|ARM
		Debug|x64 = Debug|x64
		Debug|x86 = Debug|x86
		Release|Any CPU = Release|Any CPU
		Release|ARM = Release|ARM
		Release|x64 = Release|x64
		Release|x86 = Release|x86
	EndGlobalSection
	GlobalSection(ProjectConfigurationPlatforms) = postSolution
		{E97E1300-5172-4779-86F6-700454A484C1}.Debug|Any CPU.ActiveCfg = Debug|x86
		{E97E1300-5172-4779-86F6-700454A484C1}.Debug|ARM.ActiveCfg = Debug|ARM
		{E97E1300-5172-4779-86F6-700454A484C1}.Debug|ARM.Build.0 = Debug|ARM
		{E97E1300-5172-4779-86F6-700454A484C1}.Debug|ARM.Deploy.0 = Debug|ARM
		{E97E1300-5172-4779-86F6-700454A484C1}.Debug|x64.ActiveCfg = Debug|x64
		{E97E1300-5172-4779-86F6-700454A484C1}.Debug|x64.Build.0 = Debug|x64
		{E97E1300-5172-4779-86F6-700454A484C1}.Debug|x64.Deploy.0 = Debug|x64
		{E97E1300-5172-4779-86F6-700454A484C1}.Debug|x86.ActiveCfg = Debug|x86
		{E97E1300-5172-4779-86F6-700454A484C1}.Debug|x86.Build.0 = Debug|x86
		{E97E1300-5172-4779-86F6-700454A484C1}.Debug|x86.Deploy.0 = Debug|x86
		{E97E1300-5172-4779-86F6-700454A484C1}.Release|Any CPU.ActiveCfg = Release|x86
		{E97E1300-5172-4779-86F6-700454A484C1}.Release|ARM.ActiveCfg = Release|ARM
		{E97E1300-5172-4779-86F6-700454A484C1}.Release|ARM.Build.0 = Release|ARM
		{E97E1300-5172-4779-86F6-700454A484C1}.Release|ARM.Deploy.0 = Release|ARM
		{E97E1300-5172-4779-86F6-700454A484C1}.Release|x64.ActiveCfg = Release|x64
		{E97E1300-5172-4779-86F6-700454A484C1}.Release|x64.Build.0 = Release|x64
		{E97E1300-5172-4779-86F6-700454A484C1}.Release|x64.Deploy.0 = Release|x64
		{E97E1300-5172-4779-86F6-700454A484C1}.Release|x86.ActiveCfg = Release|x86
		{E97E1300-5172-4779-86F6-700454A484C1}.Release|x86.Build.0 = Release|x86
		{E97E1300-5172-4779-86F6-700454A484C1}.Release|x86.Deploy.0 = Release|x86
		{CBF972F4-A938-4CFD-A90B-EA657161B714}.Debug|Any CPU.ActiveCfg = Debug|x86
		{CBF972F4-A938-4CFD-A90B-EA657161B714}.Debug|ARM.ActiveCfg = Debug|ARM
		{CBF972F4-A938-4CFD-A90B-EA657161B714}.Debug|ARM.Build.0 = Debug|ARM
		{CBF972F4-A938-4CFD-A90B-EA657161B714}.Debug|ARM.Deploy.0 = Debug|ARM
		{CBF972F4-A938-4CFD-A90B-EA657161B714}.Debug|x64.ActiveCfg = Debug|x64
		{CBF972F4-A938-4CFD-A90B-EA657161B714}.Debug|x64.Build.0 = Debug|x64
		{CBF972F4-A938-4CFD-A90B-EA657161B714}.Debug|x64.Deploy.0 = Debug|x64
		{CBF972F4-A938-4CFD-A90B-EA657161B714}.Debug|x86.ActiveCfg = Debug|x86
		{CBF972F4-A938-4CFD-A90B-EA657161B714}.Debug|x86.Build.0 = Debug|x86
		{CBF972F4-A938-4CFD-A90B-EA657161B714}.Debug|x86.Deploy.0 = Debug|x86
		{CBF972F4-A938-4CFD-A90B-EA657161B714}.Release|Any CPU.ActiveCfg = Release|x86
		{CBF972F4-A938-4CFD-A90B-EA657161B714}.Release|ARM.ActiveCfg = Release|ARM
		{CBF972F4-A938-4CFD-A90B-EA657161B714}.Release|ARM.Build.0 = Release|ARM
		{CBF972F4-A938-4CFD-A90B-EA657161B714}.Release|ARM.Deploy.0 = Release|ARM
		{CBF972F4-A938-4CFD-A90B-EA657161B714}.Release|x64.ActiveCfg = Release|x64
		{CBF972F4-A938-4CFD-A90B-EA657161B714}.Release|x64.Build.0 = Release|x64
		{CBF972F4-A938-4CFD-A90B-EA657161B714}.Release|x64.Deploy.0 = Release|x64
		{CBF972F4-A938-4CFD-A90B-EA657161B714}.Release|x86.ActiveCfg = Release|x86
		{CBF972F4-A938-4CFD-A90B-EA657161B714}.Release|x86.Build.0 = Release|x86
		{CBF972F4-A938-4CFD-A90B-EA657161B714}.Release|x86.Deploy.0 = Release|x86
		{57B4E26B-3CFD-4CEA-A7AF-29FD1E388F01}.Debug|Any CPU.ActiveCfg = Debug|Any CPU
		{57B4E26B-3CFD-4CEA-A7AF-29FD1E388F01}.Debug|Any CPU.Build.0 = Debug|Any CPU
		{57B4E26B-3CFD-4CEA-A7AF-29FD1E388F01}.Debug|ARM.ActiveCfg = Debug|ARM
		{57B4E26B-3CFD-4CEA-A7AF-29FD1E388F01}.Debug|ARM.Build.0 = Debug|ARM
		{57B4E26B-3CFD-4CEA-A7AF-29FD1E388F01}.Debug|x64.ActiveCfg = Debug|x64
		{57B4E26B-3CFD-4CEA-A7AF-29FD1E388F01}.Debug|x64.Build.0 = Debug|x64
		{57B4E26B-3CFD-4CEA-A7AF-29FD1E388F01}.Debug|x86.ActiveCfg = Debug|x86
		{57B4E26B-3CFD-4CEA-A7AF-29FD1E388F01}.Debug|x86.Build.0 = Debug|x86
		{57B4E26B-3CFD-4CEA-A7AF-29FD1E388F01}.Release|Any CPU.ActiveCfg = Release|Any CPU
		{57B4E26B-3CFD-4CEA-A7AF-29FD1E388F01}.Release|Any CPU.Build.0 = Release|Any CPU
		{57B4E26B-3CFD-4CEA-A7AF-29FD1E388F01}.Release|ARM.ActiveCfg = Release|ARM
		{57B4E26B-3CFD-4CEA-A7AF-29FD1E388F01}.Release|ARM.Build.0 = Release|ARM
		{57B4E26B-3CFD-4CEA-A7AF-29FD1E388F01}.Release|x64.ActiveCfg = Release|x64
		{57B4E26B-3CFD-4CEA-A7AF-29FD1E388F01}.Release|x64.Build.0 = Release|x64
		{57B4E26B-3CFD-4CEA-A7AF-29FD1E388F01}.Release|x86.ActiveCfg = Release|x86
		{57B4E26B-3CFD-4CEA-A7AF-29FD1E388F01}.Release|x86.Build.0 = Release|x86
		{202EADEB-B7B8-41CA-B76A-154BEBAFCD98}.Debug|Any CPU.ActiveCfg = Debug|Any CPU
		{202EADEB-B7B8-41CA-B76A-154BEBAFCD98}.Debug|Any CPU.Build.0 = Debug|Any CPU
		{202EADEB-B7B8-41CA-B76A-154BEBAFCD98}.Debug|ARM.ActiveCfg = Debug|ARM
		{202EADEB-B7B8-41CA-B76A-154BEBAFCD98}.Debug|ARM.Build.0 = Debug|ARM
		{202EADEB-B7B8-41CA-B76A-154BEBAFCD98}.Debug|x64.ActiveCfg = Debug|x64
		{202EADEB-B7B8-41CA-B76A-154BEBAFCD98}.Debug|x64.Build.0 = Debug|x64
		{202EADEB-B7B8-41CA-B76A-154BEBAFCD98}.Debug|x86.ActiveCfg = Debug|x86
		{202EADEB-B7B8-41CA-B76A-154BEBAFCD98}.Debug|x86.Build.0 = Debug|x86
		{202EADEB-B7B8-41CA-B76A-154BEBAFCD98}.Release|Any CPU.ActiveCfg = Release|Any CPU
		{202EADEB-B7B8-41CA-B76A-154BEBAFCD98}.Release|Any CPU.Build.0 = Release|Any CPU
		{202EADEB-B7B8-41CA-B76A-154BEBAFCD98}.Release|ARM.ActiveCfg = Release|ARM
		{202EADEB-B7B8-41CA-B76A-154BEBAFCD98}.Release|ARM.Build.0 = Release|ARM
		{202EADEB-B7B8-41CA-B76A-154BEBAFCD98}.Release|x64.ActiveCfg = Release|x64
		{202EADEB-B7B8-41CA-B76A-154BEBAFCD98}.Release|x64.Build.0 = Release|x64
		{202EADEB-B7B8-41CA-B76A-154BEBAFCD98}.Release|x86.ActiveCfg = Release|x86
		{202EADEB-B7B8-41CA-B76A-154BEBAFCD98}.Release|x86.Build.0 = Release|x86
		{F35CDA4B-2117-4A4F-B56E-297E5CD0B3FB}.Debug|Any CPU.ActiveCfg = Debug|Any CPU
		{F35CDA4B-2117-4A4F-B56E-297E5CD0B3FB}.Debug|Any CPU.Build.0 = Debug|Any CPU
		{F35CDA4B-2117-4A4F-B56E-297E5CD0B3FB}.Debug|ARM.ActiveCfg = Debug|ARM
		{F35CDA4B-2117-4A4F-B56E-297E5CD0B3FB}.Debug|ARM.Build.0 = Debug|ARM
		{F35CDA4B-2117-4A4F-B56E-297E5CD0B3FB}.Debug|x64.ActiveCfg = Debug|x64
		{F35CDA4B-2117-4A4F-B56E-297E5CD0B3FB}.Debug|x64.Build.0 = Debug|x64
		{F35CDA4B-2117-4A4F-B56E-297E5CD0B3FB}.Debug|x86.ActiveCfg = Debug|x86
		{F35CDA4B-2117-4A4F-B56E-297E5CD0B3FB}.Debug|x86.Build.0 = Debug|x86
		{F35CDA4B-2117-4A4F-B56E-297E5CD0B3FB}.Release|Any CPU.ActiveCfg = Release|Any CPU
		{F35CDA4B-2117-4A4F-B56E-297E5CD0B3FB}.Release|Any CPU.Build.0 = Release|Any CPU
		{F35CDA4B-2117-4A4F-B56E-297E5CD0B3FB}.Release|ARM.ActiveCfg = Release|ARM
		{F35CDA4B-2117-4A4F-B56E-297E5CD0B3FB}.Release|ARM.Build.0 = Release|ARM
		{F35CDA4B-2117-4A4F-B56E-297E5CD0B3FB}.Release|x64.ActiveCfg = Release|x64
		{F35CDA4B-2117-4A4F-B56E-297E5CD0B3FB}.Release|x64.Build.0 = Release|x64
		{F35CDA4B-2117-4A4F-B56E-297E5CD0B3FB}.Release|x86.ActiveCfg = Release|x86
		{F35CDA4B-2117-4A4F-B56E-297E5CD0B3FB}.Release|x86.Build.0 = Release|x86
		{B47FB5DB-8814-4A24-90FB-4616D2BD824D}.Debug|Any CPU.ActiveCfg = Debug|Any CPU
		{B47FB5DB-8814-4A24-90FB-4616D2BD824D}.Debug|Any CPU.Build.0 = Debug|Any CPU
		{B47FB5DB-8814-4A24-90FB-4616D2BD824D}.Debug|ARM.ActiveCfg = Debug|ARM
		{B47FB5DB-8814-4A24-90FB-4616D2BD824D}.Debug|ARM.Build.0 = Debug|ARM
		{B47FB5DB-8814-4A24-90FB-4616D2BD824D}.Debug|x64.ActiveCfg = Debug|x64
		{B47FB5DB-8814-4A24-90FB-4616D2BD824D}.Debug|x64.Build.0 = Debug|x64
		{B47FB5DB-8814-4A24-90FB-4616D2BD824D}.Debug|x86.ActiveCfg = Debug|x86
		{B47FB5DB-8814-4A24-90FB-4616D2BD824D}.Debug|x86.Build.0 = Debug|x86
		{B47FB5DB-8814-4A24-90FB-4616D2BD824D}.Release|Any CPU.ActiveCfg = Release|Any CPU
		{B47FB5DB-8814-4A24-90FB-4616D2BD824D}.Release|Any CPU.Build.0 = Release|Any CPU
		{B47FB5DB-8814-4A24-90FB-4616D2BD824D}.Release|ARM.ActiveCfg = Release|ARM
		{B47FB5DB-8814-4A24-90FB-4616D2BD824D}.Release|ARM.Build.0 = Release|ARM
		{B47FB5DB-8814-4A24-90FB-4616D2BD824D}.Release|x64.ActiveCfg = Release|x64
		{B47FB5DB-8814-4A24-90FB-4616D2BD824D}.Release|x64.Build.0 = Release|x64
		{B47FB5DB-8814-4A24-90FB-4616D2BD824D}.Release|x86.ActiveCfg = Release|x86
		{B47FB5DB-8814-4A24-90FB-4616D2BD824D}.Release|x86.Build.0 = Release|x86
	EndGlobalSection
	GlobalSection(SolutionProperties) = preSolution
		HideSolutionNode = FALSE
	EndGlobalSection
	GlobalSection(NestedProjects) = preSolution
		{E97E1300-5172-4779-86F6-700454A484C1} = {58CAAF1E-F84A-4BB7-9F52-3089CD5232EC}
		{CBF972F4-A938-4CFD-A90B-EA657161B714} = {6EE8E3D3-42A2-460E-8E5B-F7FCD7D6F8A8}
		{57B4E26B-3CFD-4CEA-A7AF-29FD1E388F01} = {AD86B0D1-B185-4AF5-9DF1-728F20BCA346}
		{202EADEB-B7B8-41CA-B76A-154BEBAFCD98} = {AD86B0D1-B185-4AF5-9DF1-728F20BCA346}
		{F35CDA4B-2117-4A4F-B56E-297E5CD0B3FB} = {AD86B0D1-B185-4AF5-9DF1-728F20BCA346}
		{B47FB5DB-8814-4A24-90FB-4616D2BD824D} = {AD86B0D1-B185-4AF5-9DF1-728F20BCA346}
	EndGlobalSection
	GlobalSection(ExtensibilityGlobals) = postSolution
		SolutionGuid = {D936FBB2-A964-47C6-A330-2D3BD9136D9C}
	EndGlobalSection
EndGlobal
